{
  "object": {
    "pins": [
      {
        "package": "KeychainAccess",
        "repositoryURL": "https://github.com/kishikawakatsumi/KeychainAccess.git",
        "state": {
          "branch": null,
          "revision": "84e546727d66f1adc5439debad16270d0fdd04e7",
          "version": "4.2.2"
        }
      },
      {
        "package": "LightningKit",
        "repositoryURL": "https://github.com/bejitono/LightningKit.git",
        "state": {
          "branch": "master",
          "revision": "20c1bdcb55240ad70a67790de03d5aa79515e361",
          "version": null
        }
      },
      {
        "package": "SwiftProtobuf",
        "repositoryURL": "https://github.com/apple/swift-protobuf.git",
        "state": {
          "branch": null,
          "revision": "e1904bf5a5f79cb7e0ff68a427a53a93b652fcd1",
          "version": "1.15.0"
        }
      }
    ]
  },
  "version": 1
}
